# THIS IS AN AUTOGENERATED FILE. DO NOT EDIT THIS FILE DIRECTLY.
# yarn lockfile v1


"@actions/core@^1.9.1":
  "integrity" "sha512-5ad+U2YGrmmiw6du20AQW5XuWo7UKN2052FjSV7MX+Wfjf8sCqcsZe62NfgHys4QI4/Y+vQvLKYL8jWtA1ZBTA=="
  "resolved" "https://registry.npmjs.org/@actions/core/-/core-1.9.1.tgz"
  "version" "1.9.1"
  dependencies:
    "@actions/http-client" "^2.0.1"
    "uuid" "^8.3.2"

"@actions/github@^5.1.0":
  "integrity" "sha512-tuI80F7JQIhg77ZTTgUAPpVD7ZnP9oHSPN8xw7LOwtA4vEMbAjWJNbmLBfV7xua7r016GyjzWLuec5cs8f/a8A=="
  "resolved" "https://registry.npmjs.org/@actions/github/-/github-5.1.0.tgz"
  "version" "5.1.0"
  dependencies:
    "@actions/http-client" "^2.0.1"
    "@octokit/core" "^3.6.0"
    "@octokit/plugin-paginate-rest" "^2.17.0"
    "@octokit/plugin-rest-endpoint-methods" "^5.13.0"

"@actions/http-client@^2.0.1":
  "integrity" "sha512-PIXiMVtz6VvyaRsGY268qvj57hXQEpsYogYOu2nrQhlf+XCGmZstmuZBbAybUl1nQGnvS1k1eEsQ69ZoD7xlSw=="
  "resolved" "https://registry.npmjs.org/@actions/http-client/-/http-client-2.0.1.tgz"
  "version" "2.0.1"
  dependencies:
    "tunnel" "^0.0.6"

"@octokit/auth-token@^2.4.4":
  "integrity" "sha512-r5FVUJCOLl19AxiuZD2VRZ/ORjp/4IN98Of6YJoJOkY75CIBuYfmiNHGrDwXr+aLGG55igl9QrxX3hbiXlLb+g=="
  "resolved" "https://registry.npmjs.org/@octokit/auth-token/-/auth-token-2.5.0.tgz"
  "version" "2.5.0"
  dependencies:
    "@octokit/types" "^6.0.3"

"@octokit/core@^3.6.0", "@octokit/core@>=2", "@octokit/core@>=3":
  "integrity" "sha512-7RKRKuA4xTjMhY+eG3jthb3hlZCsOwg3rztWh75Xc+ShDWOfDDATWbeZpAHBNRpm4Tv9WgBMOy1zEJYXG6NJ7Q=="
  "resolved" "https://registry.npmjs.org/@octokit/core/-/core-3.6.0.tgz"
  "version" "3.6.0"
  dependencies:
    "@octokit/auth-token" "^2.4.4"
    "@octokit/graphql" "^4.5.8"
    "@octokit/request" "^5.6.3"
    "@octokit/request-error" "^2.0.5"
    "@octokit/types" "^6.0.3"
    "before-after-hook" "^2.2.0"
    "universal-user-agent" "^6.0.0"

"@octokit/endpoint@^6.0.1":
  "integrity" "sha512-lF3puPwkQWGfkMClXb4k/eUT/nZKQfxinRWJrdZaJO85Dqwo/G0yOC434Jr2ojwafWJMYqFGFa5ms4jJUgujdA=="
  "resolved" "https://registry.npmjs.org/@octokit/endpoint/-/endpoint-6.0.12.tgz"
  "version" "6.0.12"
  dependencies:
    "@octokit/types" "^6.0.3"
    "is-plain-object" "^5.0.0"
    "universal-user-agent" "^6.0.0"

"@octokit/graphql@^4.5.8":
  "integrity" "sha512-0gv+qLSBLKF0z8TKaSKTsS39scVKF9dbMxJpj3U0vC7wjNWFuIpL/z76Qe2fiuCbDRcJSavkXsVtMS6/dtQQsg=="
  "resolved" "https://registry.npmjs.org/@octokit/graphql/-/graphql-4.8.0.tgz"
  "version" "4.8.0"
  dependencies:
    "@octokit/request" "^5.6.0"
    "@octokit/types" "^6.0.3"
    "universal-user-agent" "^6.0.0"

"@octokit/openapi-types@^12.11.0":
  "integrity" "sha512-VsXyi8peyRq9PqIz/tpqiL2w3w80OgVMwBHltTml3LmVvXiphgeqmY9mvBw9Wu7e0QWk/fqD37ux8yP5uVekyQ=="
  "resolved" "https://registry.npmjs.org/@octokit/openapi-types/-/openapi-types-12.11.0.tgz"
  "version" "12.11.0"

"@octokit/plugin-paginate-rest@^2.17.0":
  "integrity" "sha512-aCZTEf0y2h3OLbrgKkrfFdjRL6eSOo8komneVQJnYecAxIej7Bafor2xhuDJOIFau4pk0i/P28/XgtbyPF0ZHw=="
  "resolved" "https://registry.npmjs.org/@octokit/plugin-paginate-rest/-/plugin-paginate-rest-2.21.3.tgz"
  "version" "2.21.3"
  dependencies:
    "@octokit/types" "^6.40.0"

"@octokit/plugin-rest-endpoint-methods@^5.13.0":
  "integrity" "sha512-8QFz29Fg5jDuTPXVtey05BLm7OB+M8fnvE64RNegzX7U+5NUXcOcnpTIK0YfSHBg8gYd0oxIq3IZTe9SfPZiRw=="
  "resolved" "https://registry.npmjs.org/@octokit/plugin-rest-endpoint-methods/-/plugin-rest-endpoint-methods-5.16.2.tgz"
  "version" "5.16.2"
  dependencies:
    "@octokit/types" "^6.39.0"
    "deprecation" "^2.3.1"

"@octokit/request-error@^2.0.5", "@octokit/request-error@^2.1.0":
  "integrity" "sha512-1VIvgXxs9WHSjicsRwq8PlR2LR2x6DwsJAaFgzdi0JfJoGSO8mYI/cHJQ+9FbN21aa+DrgNLnwObmyeSC8Rmpg=="
  "resolved" "https://registry.npmjs.org/@octokit/request-error/-/request-error-2.1.0.tgz"
  "version" "2.1.0"
  dependencies:
    "@octokit/types" "^6.0.3"
    "deprecation" "^2.0.0"
    "once" "^1.4.0"

"@octokit/request@^5.6.0", "@octokit/request@^5.6.3":
  "integrity" "sha512-bFJl0I1KVc9jYTe9tdGGpAMPy32dLBXXo1dS/YwSCTL/2nd9XeHsY616RE3HPXDVk+a+dBuzyz5YdlXwcDTr2A=="
  "resolved" "https://registry.npmjs.org/@octokit/request/-/request-5.6.3.tgz"
  "version" "5.6.3"
  dependencies:
    "@octokit/endpoint" "^6.0.1"
    "@octokit/request-error" "^2.1.0"
    "@octokit/types" "^6.16.1"
    "is-plain-object" "^5.0.0"
    "node-fetch" "^2.6.7"
    "universal-user-agent" "^6.0.0"

"@octokit/types@^6.0.3", "@octokit/types@^6.16.1", "@octokit/types@^6.39.0", "@octokit/types@^6.40.0":
  "integrity" "sha512-eJ2jbzjdijiL3B4PrSQaSjuF2sPEQPVCPzBvTHJD9Nz+9dw2SGH4K4xeQJ77YfTq5bRQ+bD8wT11JbeDPmxmGg=="
  "resolved" "https://registry.npmjs.org/@octokit/types/-/types-6.41.0.tgz"
  "version" "6.41.0"
  dependencies:
    "@octokit/openapi-types" "^12.11.0"

"@types/node@^18.7.23":
  "integrity" "sha512-DWNcCHolDq0ZKGizjx2DZjR/PqsYwAcYUJmfMWqtVU2MBMG5Mo+xFZrhGId5r/O5HOuMPyQEcM6KUBp5lBZZBg=="
  "resolved" "https://registry.npmjs.org/@types/node/-/node-18.7.23.tgz"
  "version" "18.7.23"

"before-after-hook@^2.2.0":
  "integrity" "sha512-3pZEU3NT5BFUo/AD5ERPWOgQOCZITni6iavr5AUw5AUwQjMlI0kzu5btnyD39AF0gUEsDPwJT+oY1ORBJijPjQ=="
  "resolved" "https://registry.npmjs.org/before-after-hook/-/before-after-hook-2.2.2.tgz"
  "version" "2.2.2"

"deprecation@^2.0.0", "deprecation@^2.3.1":
  "integrity" "sha512-xmHIy4F3scKVwMsQ4WnVaS8bHOx0DmVwRywosKhaILI0ywMDWPtBSku2HNxRvF7jtwDRsoEwYQSfbxj8b7RlJQ=="
  "resolved" "https://registry.npmjs.org/deprecation/-/deprecation-2.3.1.tgz"
  "version" "2.3.1"

"is-plain-object@^5.0.0":
  "integrity" "sha512-VRSzKkbMm5jMDoKLbltAkFQ5Qr7VDiTFGXxYFXXowVj387GeGNOCsOH6Msy00SGZ3Fp84b1Naa1psqgcCIEP5Q=="
  "resolved" "https://registry.npmjs.org/is-plain-object/-/is-plain-object-5.0.0.tgz"
  "version" "5.0.0"

"node-fetch@^2.6.7":
  "integrity" "sha512-ZjMPFEfVx5j+y2yF35Kzx5sF7kDzxuDj6ziH4FFbOp87zKDZNx8yExJIb05OGF4Nlt9IHFIMBkRl41VdvcNdbQ=="
  "resolved" "https://registry.npmjs.org/node-fetch/-/node-fetch-2.6.7.tgz"
  "version" "2.6.7"
  dependencies:
    "whatwg-url" "^5.0.0"

"once@^1.4.0":
  "integrity" "sha512-lNaJgI+2Q5URQBkccEKHTQOPaXdUxnZZElQTZY0MFUAuaEqe1E+Nyvgdz/aIyNi6Z9MzO5dv1H8n58/GELp3+w=="
  "resolved" "https://registry.npmjs.org/once/-/once-1.4.0.tgz"
  "version" "1.4.0"
  dependencies:
    "wrappy" "1"

"tr46@~0.0.3":
  "integrity" "sha512-N3WMsuqV66lT30CrXNbEjx4GEwlow3v6rr4mCcv6prnfwhS01rkgyFdjPNBYd9br7LpXV1+Emh01fHnq2Gdgrw=="
  "resolved" "https://registry.npmjs.org/tr46/-/tr46-0.0.3.tgz"
  "version" "0.0.3"

"tunnel@^0.0.6":
  "integrity" "sha512-1h/Lnq9yajKY2PEbBadPXj3VxsDDu844OnaAo52UVmIzIvwwtBPIuNvkjuzBlTWpfJyUbG3ez0KSBibQkj4ojg=="
  "resolved" "https://registry.npmjs.org/tunnel/-/tunnel-0.0.6.tgz"
  "version" "0.0.6"

"universal-user-agent@^6.0.0":
  "integrity" "sha512-isyNax3wXoKaulPDZWHQqbmIx1k2tb9fb3GGDBRxCscfYV2Ch7WxPArBsFEG8s/safwXTT7H4QGhaIkTp9447w=="
  "resolved" "https://registry.npmjs.org/universal-user-agent/-/universal-user-agent-6.0.0.tgz"
  "version" "6.0.0"

"uuid@^8.3.2":
  "integrity" "sha512-+NYs2QeMWy+GWFOEm9xnn6HCDp0l7QBD7ml8zLUmJ+93Q5NF0NocErnwkTkXVFNiX3/fpC6afS8Dhb/gz7R7eg=="
  "resolved" "https://registry.npmjs.org/uuid/-/uuid-8.3.2.tgz"
  "version" "8.3.2"

"webidl-conversions@^3.0.0":
  "integrity" "sha512-2JAn3z8AR6rjK8Sm8orRC0h/bcl/DqL7tRPdGZ4I1CjdF+EaMLmYxBHyXuKL849eucPFhvBoxMsflfOb8kxaeQ=="
  "resolved" "https://registry.npmjs.org/webidl-conversions/-/webidl-conversions-3.0.1.tgz"
  "version" "3.0.1"

"whatwg-url@^5.0.0":
  "integrity" "sha512-saE57nupxk6v3HY35+jzBwYa0rKSy0XR8JSxZPwgLr7ys0IBzhGviA1/TUGJLmSVqs8pb9AnvICXEuOHLprYTw=="
  "resolved" "https://registry.npmjs.org/whatwg-url/-/whatwg-url-5.0.0.tgz"
  "version" "5.0.0"
  dependencies:
    "tr46" "~0.0.3"
    "webidl-conversions" "^3.0.0"

"wrappy@1":
  "integrity" "sha512-l4Sp/DRseor9wL6EvV2+TuQn63dMkPjZ/sp9XkghTEbV9KlPS1xUsZ3u7/IQO4wxtcFB4bgpQPRcR3QCvezPcQ=="
  "resolved" "https://registry.npmjs.org/wrappy/-/wrappy-1.0.2.tgz"
  "version" "1.0.2"
